schema: '2.0'
stages:
  prepare_base_model:
    cmd: python src/deepClassifier/pipeline/stage_02_prepare_base_model.py
    deps:
    - path: configs/config.yaml
      md5: aa75e7eb9dc6d98b1a6319114a3e9922
      size: 830
    - path: src/deepClassifier/components/prepare_base_model.py
      md5: 911f5cef90fa993943b469094d67d73e
      size: 2023
    - path: src/deepClassifier/config/configuration.py
      md5: 580e89130fd9b046067c77b0e798c432
      size: 3363
    - path: src/deepClassifier/entity/config_entity.py
      md5: c223d0cc0113c89385418199a56b0f20
      size: 917
    - path: src/deepClassifier/pipeline/stage_02_prepare_base_model.py
      md5: 2d3e3ea4e6b3b70a34bb9e158e24c2ea
      size: 793
    params:
      params.yaml:
        CLASSES: 2
        IMAGE_SIZE:
        - 224
        - 224
        - 3
        INCLUDE_TOP: false
        LEARNING_RATE: 0.01
        WEIGHTS: imagenet
    outs:
    - path: artifacts/prepare_base_model
      md5: 7c1218804542554e4b9903ea27af2a47.dir
      size: 118053368
      nfiles: 2
